// !$*UTF8*$!
{
	archiveVersion = 1;
	classes = {
	};
	objectVersion = 56;
	objects = {

/* Begin PBXBuildFile section */
		82BA621A2A94BA83009C860C /* KeyboardMonitorApp.swift in Sources */ = {isa = PBXBuildFile; fileRef = 82BA62192A94BA83009C860C /* KeyboardMonitorApp.swift */; };
		82BA621C2A94BA83009C860C /* ContentView.swift in Sources */ = {isa = PBXBuildFile; fileRef = 82BA621B2A94BA83009C860C /* ContentView.swift */; };
		82BA621E2A94BA85009C860C /* Assets.xcassets in Resources */ = {isa = PBXBuildFile; fileRef = 82BA621D2A94BA85009C860C /* Assets.xcassets */; };
		82BA62212A94BA85009C860C /* Preview Assets.xcassets in Resources */ = {isa = PBXBuildFile; fileRef = 82BA62202A94BA85009C860C /* Preview Assets.xcassets */; };
		82BA622C2A94BA85009C860C /* KeyboardMonitorTests.swift in Sources */ = {isa = PBXBuildFile; fileRef = 82BA622B2A94BA85009C860C /* KeyboardMonitorTests.swift */; };
		82BA62362A94BA85009C860C /* KeyboardMonitorUITests.swift in Sources */ = {isa = PBXBuildFile; fileRef = 82BA62352A94BA85009C860C /* KeyboardMonitorUITests.swift */; };
		82BA62382A94BA85009C860C /* KeyboardMonitorUITestsLaunchTests.swift in Sources */ = {isa = PBXBuildFile; fileRef = 82BA62372A94BA85009C860C /* KeyboardMonitorUITestsLaunchTests.swift */; };
		82BA62452A94BAA5009C860C /* IOMonitor.swift in Sources */ = {isa = PBXBuildFile; fileRef = 82BA62442A94BAA5009C860C /* IOMonitor.swift */; };
		82E8D3562A9B084900645E15 /* KDAlertWindow.swift in Sources */ = {isa = PBXBuildFile; fileRef = 82E8D3552A9B084900645E15 /* KDAlertWindow.swift */; };
/* End PBXBuildFile section */

/* Begin PBXContainerItemProxy section */
		82BA62282A94BA85009C860C /* PBXContainerItemProxy */ = {
			isa = PBXContainerItemProxy;
			containerPortal = 82BA620E2A94BA83009C860C /* Project object */;
			proxyType = 1;
			remoteGlobalIDString = 82BA62152A94BA83009C860C;
			remoteInfo = KeyboardMonitor;
		};
		82BA62322A94BA85009C860C /* PBXContainerItemProxy */ = {
			isa = PBXContainerItemProxy;
			containerPortal = 82BA620E2A94BA83009C860C /* Project object */;
			proxyType = 1;
			remoteGlobalIDString = 82BA62152A94BA83009C860C;
			remoteInfo = KeyboardMonitor;
		};
/* End PBXContainerItemProxy section */

/* Begin PBXFileReference section */
		82BA62162A94BA83009C860C /* KeyboardMonitor.app */ = {isa = PBXFileReference; explicitFileType = wrapper.application; includeInIndex = 0; path = KeyboardMonitor.app; sourceTree = BUILT_PRODUCTS_DIR; };
		82BA62192A94BA83009C860C /* KeyboardMonitorApp.swift */ = {isa = PBXFileReference; lastKnownFileType = sourcecode.swift; path = KeyboardMonitorApp.swift; sourceTree = "<group>"; };
		82BA621B2A94BA83009C860C /* ContentView.swift */ = {isa = PBXFileReference; lastKnownFileType = sourcecode.swift; path = ContentView.swift; sourceTree = "<group>"; };
		82BA621D2A94BA85009C860C /* Assets.xcassets */ = {isa = PBXFileReference; lastKnownFileType = folder.assetcatalog; path = Assets.xcassets; sourceTree = "<group>"; };
		82BA62202A94BA85009C860C /* Preview Assets.xcassets */ = {isa = PBXFileReference; lastKnownFileType = folder.assetcatalog; path = "Preview Assets.xcassets"; sourceTree = "<group>"; };
		82BA62222A94BA85009C860C /* KeyboardMonitor.entitlements */ = {isa = PBXFileReference; lastKnownFileType = text.plist.entitlements; path = KeyboardMonitor.entitlements; sourceTree = "<group>"; };
		82BA62272A94BA85009C860C /* KeyboardMonitorTests.xctest */ = {isa = PBXFileReference; explicitFileType = wrapper.cfbundle; includeInIndex = 0; path = KeyboardMonitorTests.xctest; sourceTree = BUILT_PRODUCTS_DIR; };
		82BA622B2A94BA85009C860C /* KeyboardMonitorTests.swift */ = {isa = PBXFileReference; lastKnownFileType = sourcecode.swift; path = KeyboardMonitorTests.swift; sourceTree = "<group>"; };
		82BA62312A94BA85009C860C /* KeyboardMonitorUITests.xctest */ = {isa = PBXFileReference; explicitFileType = wrapper.cfbundle; includeInIndex = 0; path = KeyboardMonitorUITests.xctest; sourceTree = BUILT_PRODUCTS_DIR; };
		82BA62352A94BA85009C860C /* KeyboardMonitorUITests.swift */ = {isa = PBXFileReference; lastKnownFileType = sourcecode.swift; path = KeyboardMonitorUITests.swift; sourceTree = "<group>"; };
		82BA62372A94BA85009C860C /* KeyboardMonitorUITestsLaunchTests.swift */ = {isa = PBXFileReference; lastKnownFileType = sourcecode.swift; path = KeyboardMonitorUITestsLaunchTests.swift; sourceTree = "<group>"; };
		82BA62442A94BAA5009C860C /* IOMonitor.swift */ = {isa = PBXFileReference; lastKnownFileType = sourcecode.swift; path = IOMonitor.swift; sourceTree = "<group>"; };
		82E8D3552A9B084900645E15 /* KDAlertWindow.swift */ = {isa = PBXFileReference; lastKnownFileType = sourcecode.swift; path = KDAlertWindow.swift; sourceTree = "<group>"; };
/* End PBXFileReference section */

/* Begin PBXFrameworksBuildPhase section */
		82BA62132A94BA83009C860C /* Frameworks */ = {
			isa = PBXFrameworksBuildPhase;
			buildActionMask = 2147483647;
			files = (
			);
			runOnlyForDeploymentPostprocessing = 0;
		};
		82BA62242A94BA85009C860C /* Frameworks */ = {
			isa = PBXFrameworksBuildPhase;
			buildActionMask = 2147483647;
			files = (
			);
			runOnlyForDeploymentPostprocessing = 0;
		};
		82BA622E2A94BA85009C860C /* Frameworks */ = {
			isa = PBXFrameworksBuildPhase;
			buildActionMask = 2147483647;
			files = (
			);
			runOnlyForDeploymentPostprocessing = 0;
		};
/* End PBXFrameworksBuildPhase section */

/* Begin PBXGroup section */
		82BA620D2A94BA83009C860C = {
			isa = PBXGroup;
			children = (
				82BA62182A94BA83009C860C /* KeyboardMonitor */,
				82BA622A2A94BA85009C860C /* KeyboardMonitorTests */,
				82BA62342A94BA85009C860C /* KeyboardMonitorUITests */,
				82BA62172A94BA83009C860C /* Products */,
			);
			sourceTree = "<group>";
		};
		82BA62172A94BA83009C860C /* Products */ = {
			isa = PBXGroup;
			children = (
				82BA62162A94BA83009C860C /* KeyboardMonitor.app */,
				82BA62272A94BA85009C860C /* KeyboardMonitorTests.xctest */,
				82BA62312A94BA85009C860C /* KeyboardMonitorUITests.xctest */,
			);
			name = Products;
			sourceTree = "<group>";
		};
		82BA62182A94BA83009C860C /* KeyboardMonitor */ = {
			isa = PBXGroup;
			children = (
				82BA62192A94BA83009C860C /* KeyboardMonitorApp.swift */,
				82BA621B2A94BA83009C860C /* ContentView.swift */,
				82BA62442A94BAA5009C860C /* IOMonitor.swift */,
				82E8D3552A9B084900645E15 /* KDAlertWindow.swift */,
				82BA621D2A94BA85009C860C /* Assets.xcassets */,
				82BA62222A94BA85009C860C /* KeyboardMonitor.entitlements */,
				82BA621F2A94BA85009C860C /* Preview Content */,
			);
			path = KeyboardMonitor;
			sourceTree = "<group>";
		};
		82BA621F2A94BA85009C860C /* Preview Content */ = {
			isa = PBXGroup;
			children = (
				82BA62202A94BA85009C860C /* Preview Assets.xcassets */,
			);
			path = "Preview Content";
			sourceTree = "<group>";
		};
		82BA622A2A94BA85009C860C /* KeyboardMonitorTests */ = {
			isa = PBXGroup;
			children = (
				82BA622B2A94BA85009C860C /* KeyboardMonitorTests.swift */,
			);
			path = KeyboardMonitorTests;
			sourceTree = "<group>";
		};
		82BA62342A94BA85009C860C /* KeyboardMonitorUITests */ = {
			isa = PBXGroup;
			children = (
				82BA62352A94BA85009C860C /* KeyboardMonitorUITests.swift */,
				82BA62372A94BA85009C860C /* KeyboardMonitorUITestsLaunchTests.swift */,
			);
			path = KeyboardMonitorUITests;
			sourceTree = "<group>";
		};
/* End PBXGroup section */

/* Begin PBXNativeTarget section */
		82BA62152A94BA83009C860C /* KeyboardMonitor */ = {
			isa = PBXNativeTarget;
			buildConfigurationList = 82BA623B2A94BA85009C860C /* Build configuration list for PBXNativeTarget "KeyboardMonitor" */;
			buildPhases = (
				82BA62122A94BA83009C860C /* Sources */,
				82BA62132A94BA83009C860C /* Frameworks */,
				82BA62142A94BA83009C860C /* Resources */,
			);
			buildRules = (
			);
			dependencies = (
			);
			name = KeyboardMonitor;
			productName = KeyboardMonitor;
			productReference = 82BA62162A94BA83009C860C /* KeyboardMonitor.app */;
			productType = "com.apple.product-type.application";
		};
		82BA62262A94BA85009C860C /* KeyboardMonitorTests */ = {
			isa = PBXNativeTarget;
			buildConfigurationList = 82BA623E2A94BA85009C860C /* Build configuration list for PBXNativeTarget "KeyboardMonitorTests" */;
			buildPhases = (
				82BA62232A94BA85009C860C /* Sources */,
				82BA62242A94BA85009C860C /* Frameworks */,
				82BA62252A94BA85009C860C /* Resources */,
			);
			buildRules = (
			);
			dependencies = (
				82BA62292A94BA85009C860C /* PBXTargetDependency */,
			);
			name = KeyboardMonitorTests;
			productName = KeyboardMonitorTests;
			productReference = 82BA62272A94BA85009C860C /* KeyboardMonitorTests.xctest */;
			productType = "com.apple.product-type.bundle.unit-test";
		};
		82BA62302A94BA85009C860C /* KeyboardMonitorUITests */ = {
			isa = PBXNativeTarget;
			buildConfigurationList = 82BA62412A94BA85009C860C /* Build configuration list for PBXNativeTarget "KeyboardMonitorUITests" */;
			buildPhases = (
				82BA622D2A94BA85009C860C /* Sources */,
				82BA622E2A94BA85009C860C /* Frameworks */,
				82BA622F2A94BA85009C860C /* Resources */,
			);
			buildRules = (
			);
			dependencies = (
				82BA62332A94BA85009C860C /* PBXTargetDependency */,
			);
			name = KeyboardMonitorUITests;
			productName = KeyboardMonitorUITests;
			productReference = 82BA62312A94BA85009C860C /* KeyboardMonitorUITests.xctest */;
			productType = "com.apple.product-type.bundle.ui-testing";
		};
/* End PBXNativeTarget section */

/* Begin PBXProject section */
		82BA620E2A94BA83009C860C /* Project object */ = {
			isa = PBXProject;
			attributes = {
				BuildIndependentTargetsInParallel = 1;
				LastSwiftUpdateCheck = 1500;
				LastUpgradeCheck = 1500;
				TargetAttributes = {
					82BA62152A94BA83009C860C = {
						CreatedOnToolsVersion = 15.0;
					};
					82BA62262A94BA85009C860C = {
						CreatedOnToolsVersion = 15.0;
						TestTargetID = 82BA62152A94BA83009C860C;
					};
					82BA62302A94BA85009C860C = {
						CreatedOnToolsVersion = 15.0;
						TestTargetID = 82BA62152A94BA83009C860C;
					};
				};
			};
			buildConfigurationList = 82BA62112A94BA83009C860C /* Build configuration list for PBXProject "KeyboardMonitor" */;
			compatibilityVersion = "Xcode 14.0";
			developmentRegion = en;
			hasScannedForEncodings = 0;
			knownRegions = (
				en,
				Base,
			);
			mainGroup = 82BA620D2A94BA83009C860C;
			productRefGroup = 82BA62172A94BA83009C860C /* Products */;
			projectDirPath = "";
			projectRoot = "";
			targets = (
				82BA62152A94BA83009C860C /* KeyboardMonitor */,
				82BA62262A94BA85009C860C /* KeyboardMonitorTests */,
				82BA62302A94BA85009C860C /* KeyboardMonitorUITests */,
			);
		};
/* End PBXProject section */

/* Begin PBXResourcesBuildPhase section */
		82BA62142A94BA83009C860C /* Resources */ = {
			isa = PBXResourcesBuildPhase;
			buildActionMask = 2147483647;
			files = (
				82BA62212A94BA85009C860C /* Preview Assets.xcassets in Resources */,
				82BA621E2A94BA85009C860C /* Assets.xcassets in Resources */,
			);
			runOnlyForDeploymentPostprocessing = 0;
		};
		82BA62252A94BA85009C860C /* Resources */ = {
			isa = PBXResourcesBuildPhase;
			buildActionMask = 2147483647;
			files = (
			);
			runOnlyForDeploymentPostprocessing = 0;
		};
		82BA622F2A94BA85009C860C /* Resources */ = {
			isa = PBXResourcesBuildPhase;
			buildActionMask = 2147483647;
			files = (
			);
			runOnlyForDeploymentPostprocessing = 0;
		};
/* End PBXResourcesBuildPhase section */

/* Begin PBXSourcesBuildPhase section */
		82BA62122A94BA83009C860C /* Sources */ = {
			isa = PBXSourcesBuildPhase;
			buildActionMask = 2147483647;
			files = (
				82BA62452A94BAA5009C860C /* IOMonitor.swift in Sources */,
				82E8D3562A9B084900645E15 /* KDAlertWindow.swift in Sources */,
				82BA621C2A94BA83009C860C /* ContentView.swift in Sources */,
				82BA621A2A94BA83009C860C /* KeyboardMonitorApp.swift in Sources */,
			);
			runOnlyForDeploymentPostprocessing = 0;
		};
		82BA62232A94BA85009C860C /* Sources */ = {
			isa = PBXSourcesBuildPhase;
			buildActionMask = 2147483647;
			files = (
				82BA622C2A94BA85009C860C /* KeyboardMonitorTests.swift in Sources */,
			);
			runOnlyForDeploymentPostprocessing = 0;
		};
		82BA622D2A94BA85009C860C /* Sources */ = {
			isa = PBXSourcesBuildPhase;
			buildActionMask = 2147483647;
			files = (
				82BA62382A94BA85009C860C /* KeyboardMonitorUITestsLaunchTests.swift in Sources */,
				82BA62362A94BA85009C860C /* KeyboardMonitorUITests.swift in Sources */,
			);
			runOnlyForDeploymentPostprocessing = 0;
		};
/* End PBXSourcesBuildPhase section */

/* Begin PBXTargetDependency section */
		82BA62292A94BA85009C860C /* PBXTargetDependency */ = {
			isa = PBXTargetDependency;
			target = 82BA62152A94BA83009C860C /* KeyboardMonitor */;
			targetProxy = 82BA62282A94BA85009C860C /* PBXContainerItemProxy */;
		};
		82BA62332A94BA85009C860C /* PBXTargetDependency */ = {
			isa = PBXTargetDependency;
			target = 82BA62152A94BA83009C860C /* KeyboardMonitor */;
			targetProxy = 82BA62322A94BA85009C860C /* PBXContainerItemProxy */;
		};
/* End PBXTargetDependency section */

/* Begin XCBuildConfiguration section */
		82BA62392A94BA85009C860C /* Debug */ = {
			isa = XCBuildConfiguration;
			buildSettings = {
				ALWAYS_SEARCH_USER_PATHS = NO;
				ASSETCATALOG_COMPILER_GENERATE_SWIFT_ASSET_SYMBOL_EXTENSIONS = YES;
				CLANG_ANALYZER_NONNULL = YES;
				CLANG_ANALYZER_NUMBER_OBJECT_CONVERSION = YES_AGGRESSIVE;
				CLANG_CXX_LANGUAGE_STANDARD = "gnu++20";
				CLANG_ENABLE_MODULES = YES;
				CLANG_ENABLE_OBJC_ARC = YES;
				CLANG_ENABLE_OBJC_WEAK = YES;
				CLANG_WARN_BLOCK_CAPTURE_AUTORELEASING = YES;
				CLANG_WARN_BOOL_CONVERSION = YES;
				CLANG_WARN_COMMA = YES;
				CLANG_WARN_CONSTANT_CONVERSION = YES;
				CLANG_WARN_DEPRECATED_OBJC_IMPLEMENTATIONS = YES;
				CLANG_WARN_DIRECT_OBJC_ISA_USAGE = YES_ERROR;
				CLANG_WARN_DOCUMENTATION_COMMENTS = YES;
				CLANG_WARN_EMPTY_BODY = YES;
				CLANG_WARN_ENUM_CONVERSION = YES;
				CLANG_WARN_INFINITE_RECURSION = YES;
				CLANG_WARN_INT_CONVERSION = YES;
				CLANG_WARN_NON_LITERAL_NULL_CONVERSION = YES;
				CLANG_WARN_OBJC_IMPLICIT_RETAIN_SELF = YES;
				CLANG_WARN_OBJC_LITERAL_CONVERSION = YES;
				CLANG_WARN_OBJC_ROOT_CLASS = YES_ERROR;
				CLANG_WARN_QUOTED_INCLUDE_IN_FRAMEWORK_HEADER = YES;
				CLANG_WARN_RANGE_LOOP_ANALYSIS = YES;
				CLANG_WARN_STRICT_PROTOTYPES = YES;
				CLANG_WARN_SUSPICIOUS_MOVE = YES;
				CLANG_WARN_UNGUARDED_AVAILABILITY = YES_AGGRESSIVE;
				CLANG_WARN_UNREACHABLE_CODE = YES;
				CLANG_WARN__DUPLICATE_METHOD_MATCH = YES;
				COPY_PHASE_STRIP = NO;
				DEBUG_INFORMATION_FORMAT = dwarf;
				ENABLE_STRICT_OBJC_MSGSEND = YES;
				ENABLE_TESTABILITY = YES;
				ENABLE_USER_SCRIPT_SANDBOXING = YES;
				GCC_C_LANGUAGE_STANDARD = gnu17;
				GCC_DYNAMIC_NO_PIC = NO;
				GCC_NO_COMMON_BLOCKS = YES;
				GCC_OPTIMIZATION_LEVEL = 0;
				GCC_PREPROCESSOR_DEFINITIONS = (
					"DEBUG=1",
					"$(inherited)",
				);
				GCC_WARN_64_TO_32_BIT_CONVERSION = YES;
				GCC_WARN_ABOUT_RETURN_TYPE = YES_ERROR;
				GCC_WARN_UNDECLARED_SELECTOR = YES;
				GCC_WARN_UNINITIALIZED_AUTOS = YES_AGGRESSIVE;
				GCC_WARN_UNUSED_FUNCTION = YES;
				GCC_WARN_UNUSED_VARIABLE = YES;
				LOCALIZATION_PREFERS_STRING_CATALOGS = YES;
				MACOSX_DEPLOYMENT_TARGET = 13.4;
				MTL_ENABLE_DEBUG_INFO = INCLUDE_SOURCE;
				MTL_FAST_MATH = YES;
				ONLY_ACTIVE_ARCH = YES;
				SDKROOT = macosx;
				SWIFT_ACTIVE_COMPILATION_CONDITIONS = "DEBUG $(inherited)";
				SWIFT_OPTIMIZATION_LEVEL = "-Onone";
			};
			name = Debug;
		};
		82BA623A2A94BA85009C860C /* Release */ = {
			isa = XCBuildConfiguration;
			buildSettings = {
				ALWAYS_SEARCH_USER_PATHS = NO;
				ASSETCATALOG_COMPILER_GENERATE_SWIFT_ASSET_SYMBOL_EXTENSIONS = YES;
				CLANG_ANALYZER_NONNULL = YES;
				CLANG_ANALYZER_NUMBER_OBJECT_CONVERSION = YES_AGGRESSIVE;
				CLANG_CXX_LANGUAGE_STANDARD = "gnu++20";
				CLANG_ENABLE_MODULES = YES;
				CLANG_ENABLE_OBJC_ARC = YES;
				CLANG_ENABLE_OBJC_WEAK = YES;
				CLANG_WARN_BLOCK_CAPTURE_AUTORELEASING = YES;
				CLANG_WARN_BOOL_CONVERSION = YES;
				CLANG_WARN_COMMA = YES;
				CLANG_WARN_CONSTANT_CONVERSION = YES;
				CLANG_WARN_DEPRECATED_OBJC_IMPLEMENTATIONS = YES;
				CLANG_WARN_DIRECT_OBJC_ISA_USAGE = YES_ERROR;
				CLANG_WARN_DOCUMENTATION_COMMENTS = YES;
				CLANG_WARN_EMPTY_BODY = YES;
				CLANG_WARN_ENUM_CONVERSION = YES;
				CLANG_WARN_INFINITE_RECURSION = YES;
				CLANG_WARN_INT_CONVERSION = YES;
				CLANG_WARN_NON_LITERAL_NULL_CONVERSION = YES;
				CLANG_WARN_OBJC_IMPLICIT_RETAIN_SELF = YES;
				CLANG_WARN_OBJC_LITERAL_CONVERSION = YES;
				CLANG_WARN_OBJC_ROOT_CLASS = YES_ERROR;
				CLANG_WARN_QUOTED_INCLUDE_IN_FRAMEWORK_HEADER = YES;
				CLANG_WARN_RANGE_LOOP_ANALYSIS = YES;
				CLANG_WARN_STRICT_PROTOTYPES = YES;
				CLANG_WARN_SUSPICIOUS_MOVE = YES;
				CLANG_WARN_UNGUARDED_AVAILABILITY = YES_AGGRESSIVE;
				CLANG_WARN_UNREACHABLE_CODE = YES;
				CLANG_WARN__DUPLICATE_METHOD_MATCH = YES;
				COPY_PHASE_STRIP = NO;
				DEBUG_INFORMATION_FORMAT = "dwarf-with-dsym";
				ENABLE_NS_ASSERTIONS = NO;
				ENABLE_STRICT_OBJC_MSGSEND = YES;
				ENABLE_USER_SCRIPT_SANDBOXING = YES;
				GCC_C_LANGUAGE_STANDARD = gnu17;
				GCC_NO_COMMON_BLOCKS = YES;
				GCC_WARN_64_TO_32_BIT_CONVERSION = YES;
				GCC_WARN_ABOUT_RETURN_TYPE = YES_ERROR;
				GCC_WARN_UNDECLARED_SELECTOR = YES;
				GCC_WARN_UNINITIALIZED_AUTOS = YES_AGGRESSIVE;
				GCC_WARN_UNUSED_FUNCTION = YES;
				GCC_WARN_UNUSED_VARIABLE = YES;
				LOCALIZATION_PREFERS_STRING_CATALOGS = YES;
				MACOSX_DEPLOYMENT_TARGET = 13.4;
				MTL_ENABLE_DEBUG_INFO = NO;
				MTL_FAST_MATH = YES;
				SDKROOT = macosx;
				SWIFT_COMPILATION_MODE = wholemodule;
			};
			name = Release;
		};
		82BA623C2A94BA85009C860C /* Debug */ = {
			isa = XCBuildConfiguration;
			buildSettings = {
				ASSETCATALOG_COMPILER_APPICON_NAME = AppIcon;
				ASSETCATALOG_COMPILER_GLOBAL_ACCENT_COLOR_NAME = AccentColor;
				CODE_SIGN_ENTITLEMENTS = KeyboardMonitor/KeyboardMonitor.entitlements;
				"CODE_SIGN_IDENTITY[sdk=macosx*]" = "Apple Development";
				CODE_SIGN_STYLE = Automatic;
				COMBINE_HIDPI_IMAGES = YES;
				CURRENT_PROJECT_VERSION = 1;
				DEVELOPMENT_ASSET_PATHS = "\"KeyboardMonitor/Preview Content\"";
				DEVELOPMENT_TEAM = SBS3WRZTPU;
				ENABLE_HARDENED_RUNTIME = YES;
				ENABLE_PREVIEWS = YES;
				GENERATE_INFOPLIST_FILE = YES;
				INFOPLIST_KEY_NSHumanReadableCopyright = "";
				LD_RUNPATH_SEARCH_PATHS = (
					"$(inherited)",
					"@executable_path/../Frameworks",
				);
				MARKETING_VERSION = 1.0;
				PRODUCT_BUNDLE_IDENTIFIER = idv.kedia.KeyboardMonitor;
				PRODUCT_NAME = "$(TARGET_NAME)";
				SWIFT_EMIT_LOC_STRINGS = YES;
				SWIFT_VERSION = 5.0;
			};
			name = Debug;
		};
		82BA623D2A94BA85009C860C /* Release */ = {
			isa = XCBuildConfiguration;
			buildSettings = {
				ASSETCATALOG_COMPILER_APPICON_NAME = AppIcon;
				ASSETCATALOG_COMPILER_GLOBAL_ACCENT_COLOR_NAME = AccentColor;
				CODE_SIGN_ENTITLEMENTS = KeyboardMonitor/KeyboardMonitor.entitlements;
				"CODE_SIGN_IDENTITY[sdk=macosx*]" = "Apple Development";
				CODE_SIGN_STYLE = Automatic;
				COMBINE_HIDPI_IMAGES = YES;
				CURRENT_PROJECT_VERSION = 1;
				DEVELOPMENT_ASSET_PATHS = "\"KeyboardMonitor/Preview Content\"";
				DEVELOPMENT_TEAM = SBS3WRZTPU;
				ENABLE_HARDENED_RUNTIME = YES;
				ENABLE_PREVIEWS = YES;
				GENERATE_INFOPLIST_FILE = YES;
				INFOPLIST_KEY_NSHumanReadableCopyright = "";
				LD_RUNPATH_SEARCH_PATHS = (
					"$(inherited)",
					"@executable_path/../Frameworks",
				);
				MARKETING_VERSION = 1.0;
				PRODUCT_BUNDLE_IDENTIFIER = idv.kedia.KeyboardMonitor;
				PRODUCT_NAME = "$(TARGET_NAME)";
				SWIFT_EMIT_LOC_STRINGS = YES;
				SWIFT_VERSION = 5.0;
			};
			name = Release;
		};
		82BA623F2A94BA85009C860C /* Debug */ = {
			isa = XCBuildConfiguration;
			buildSettings = {
				ALWAYS_EMBED_SWIFT_STANDARD_LIBRARIES = YES;
				BUNDLE_LOADER = "$(TEST_HOST)";
				CODE_SIGN_STYLE = Automatic;
				CURRENT_PROJECT_VERSION = 1;
				DEVELOPMENT_TEAM = SBS3WRZTPU;
				GENERATE_INFOPLIST_FILE = YES;
				MACOSX_DEPLOYMENT_TARGET = 13.4;
				MARKETING_VERSION = 1.0;
				PRODUCT_BUNDLE_IDENTIFIER = idv.kedia.KeyboardMonitorTests;
				PRODUCT_NAME = "$(TARGET_NAME)";
				SWIFT_EMIT_LOC_STRINGS = NO;
				SWIFT_VERSION = 5.0;
				TEST_HOST = "$(BUILT_PRODUCTS_DIR)/KeyboardMonitor.app/$(BUNDLE_EXECUTABLE_FOLDER_PATH)/KeyboardMonitor";
			};
			name = Debug;
		};
		82BA62402A94BA85009C860C /* Release */ = {
			isa = XCBuildConfiguration;
			buildSettings = {
				ALWAYS_EMBED_SWIFT_STANDARD_LIBRARIES = YES;
				BUNDLE_LOADER = "$(TEST_HOST)";
				CODE_SIGN_STYLE = Automatic;
				CURRENT_PROJECT_VERSION = 1;
				DEVELOPMENT_TEAM = SBS3WRZTPU;
				GENERATE_INFOPLIST_FILE = YES;
				MACOSX_DEPLOYMENT_TARGET = 13.4;
				MARKETING_VERSION = 1.0;
				PRODUCT_BUNDLE_IDENTIFIER = idv.kedia.KeyboardMonitorTests;
				PRODUCT_NAME = "$(TARGET_NAME)";
				SWIFT_EMIT_LOC_STRINGS = NO;
				SWIFT_VERSION = 5.0;
				TEST_HOST = "$(BUILT_PRODUCTS_DIR)/KeyboardMonitor.app/$(BUNDLE_EXECUTABLE_FOLDER_PATH)/KeyboardMonitor";
			};
			name = Release;
		};
		82BA62422A94BA85009C860C /* Debug */ = {
			isa = XCBuildConfiguration;
			buildSettings = {
				ALWAYS_EMBED_SWIFT_STANDARD_LIBRARIES = YES;
				CODE_SIGN_STYLE = Automatic;
				CURRENT_PROJECT_VERSION = 1;
				DEVELOPMENT_TEAM = SBS3WRZTPU;
				GENERATE_INFOPLIST_FILE = YES;
				MARKETING_VERSION = 1.0;
				PRODUCT_BUNDLE_IDENTIFIER = idv.kedia.KeyboardMonitorUITests;
				PRODUCT_NAME = "$(TARGET_NAME)";
				SWIFT_EMIT_LOC_STRINGS = NO;
				SWIFT_VERSION = 5.0;
				TEST_TARGET_NAME = KeyboardMonitor;
			};
			name = Debug;
		};
		82BA62432A94BA85009C860C /* Release */ = {
			isa = XCBuildConfiguration;
			buildSettings = {
				ALWAYS_EMBED_SWIFT_STANDARD_LIBRARIES = YES;
				CODE_SIGN_STYLE = Automatic;
				CURRENT_PROJECT_VERSION = 1;
				DEVELOPMENT_TEAM = SBS3WRZTPU;
				GENERATE_INFOPLIST_FILE = YES;
				MARKETING_VERSION = 1.0;
				PRODUCT_BUNDLE_IDENTIFIER = idv.kedia.KeyboardMonitorUITests;
				PRODUCT_NAME = "$(TARGET_NAME)";
				SWIFT_EMIT_LOC_STRINGS = NO;
				SWIFT_VERSION = 5.0;
				TEST_TARGET_NAME = KeyboardMonitor;
			};
			name = Release;
		};
/* End XCBuildConfiguration section */

/* Begin XCConfigurationList section */
		82BA62112A94BA83009C860C /* Build configuration list for PBXProject "KeyboardMonitor" */ = {
			isa = XCConfigurationList;
			buildConfigurations = (
				82BA62392A94BA85009C860C /* Debug */,
				82BA623A2A94BA85009C860C /* Release */,
			);
			defaultConfigurationIsVisible = 0;
			defaultConfigurationName = Release;
		};
		82BA623B2A94BA85009C860C /* Build configuration list for PBXNativeTarget "KeyboardMonitor" */ = {
			isa = XCConfigurationList;
			buildConfigurations = (
				82BA623C2A94BA85009C860C /* Debug */,
				82BA623D2A94BA85009C860C /* Release */,
			);
			defaultConfigurationIsVisible = 0;
			defaultConfigurationName = Release;
		};
		82BA623E2A94BA85009C860C /* Build configuration list for PBXNativeTarget "KeyboardMonitorTests" */ = {
			isa = XCConfigurationList;
			buildConfigurations = (
				82BA623F2A94BA85009C860C /* Debug */,
				82BA62402A94BA85009C860C /* Release */,
			);
			defaultConfigurationIsVisible = 0;
			defaultConfigurationName = Release;
		};
		82BA62412A94BA85009C860C /* Build configuration list for PBXNativeTarget "KeyboardMonitorUITests" */ = {
			isa = XCConfigurationList;
			buildConfigurations = (
				82BA62422A94BA85009C860C /* Debug */,
				82BA62432A94BA85009C860C /* Release */,
			);
			defaultConfigurationIsVisible = 0;
			defaultConfigurationName = Release;
		};
/* End XCConfigurationList section */
	};
	rootObject = 82BA620E2A94BA83009C860C /* Project object */;
}
